# THIS IS AN AUTOGENERATED FILE. DO NOT EDIT THIS FILE DIRECTLY.
# yarn lockfile v1


"@react-spring/animated@~9.7.4":
  version "9.7.4"
  resolved "https://registry.yarnpkg.com/@react-spring/animated/-/animated-9.7.4.tgz#c712b2d3dc9312ef41aa8886818b539151bda062"
  integrity sha512-7As+8Pty2QlemJ9O5ecsuPKjmO0NKvmVkRR1n6mEotFgWar8FKuQt2xgxz3RTgxcccghpx1YdS1FCdElQNexmQ==
  dependencies:
    "@react-spring/shared" "~9.7.4"
    "@react-spring/types" "~9.7.4"

"@react-spring/core@~9.7.4":
  version "9.7.4"
  resolved "https://registry.yarnpkg.com/@react-spring/core/-/core-9.7.4.tgz#0eaa0b5da3d18036d87a571f23079819d45a9f46"
  integrity sha512-GzjA44niEJBFUe9jN3zubRDDDP2E4tBlhNlSIkTChiNf9p4ZQlgXBg50qbXfSXHQPHak/ExYxwhipKVsQ/sUTw==
  dependencies:
    "@react-spring/animated" "~9.7.4"
    "@react-spring/shared" "~9.7.4"
    "@react-spring/types" "~9.7.4"

"@react-spring/konva@~9.7.4":
  version "9.7.4"
  resolved "https://registry.yarnpkg.com/@react-spring/konva/-/konva-9.7.4.tgz#53c0756ac7200efa535f146ea0a510a3461a18e0"
  integrity sha512-B2IRytWM2ixifoKxE5DXTUXxNAhPsPqozrZEXXkwKhet1P2xvxXpTYrmDi0NnqTijVbAA3n1hUv8/DqqMKoI0Q==
  dependencies:
    "@react-spring/animated" "~9.7.4"
    "@react-spring/core" "~9.7.4"
    "@react-spring/shared" "~9.7.4"
    "@react-spring/types" "~9.7.4"

"@react-spring/native@~9.7.4":
  version "9.7.4"
  resolved "https://registry.yarnpkg.com/@react-spring/native/-/native-9.7.4.tgz#259474435a0b86ce49f73f44c993fcb9a9ce5b23"
  integrity sha512-mBaDq8MA1O42QS1vlw06cf+GiwWZWPi0n6reZAjAfpO1mShi63uHCBcRrez8JGw2F/JSMaRQ5Ya1n5s47S3VlQ==
  dependencies:
    "@react-spring/animated" "~9.7.4"
    "@react-spring/core" "~9.7.4"
    "@react-spring/shared" "~9.7.4"
    "@react-spring/types" "~9.7.4"

"@react-spring/rafz@~9.7.4":
  version "9.7.4"
  resolved "https://registry.yarnpkg.com/@react-spring/rafz/-/rafz-9.7.4.tgz#d53aa45a8cb116b81b27ba29e0cc15470ccfd449"
  integrity sha512-mqDI6rW0Ca8IdryOMiXRhMtVGiEGLIO89vIOyFQXRIwwIMX30HLya24g9z4olDvFyeDW3+kibiKwtZnA4xhldA==

"@react-spring/shared@~9.7.4":
  version "9.7.4"
  resolved "https://registry.yarnpkg.com/@react-spring/shared/-/shared-9.7.4.tgz#8ac57505072c2aee33d77c47c4269347061a3377"
  integrity sha512-bEPI7cQp94dOtCFSEYpxvLxj0+xQfB5r9Ru1h8OMycsIq7zFZon1G0sHrBLaLQIWeMCllc4tVDYRTLIRv70C8w==
  dependencies:
    "@react-spring/rafz" "~9.7.4"
    "@react-spring/types" "~9.7.4"

"@react-spring/three@~9.7.4":
  version "9.7.4"
  resolved "https://registry.yarnpkg.com/@react-spring/three/-/three-9.7.4.tgz#0912f7d667eceac82c8ace30544f09db4001535d"
  integrity sha512-HKUhrrvWW7F/MAroObOloqcYyFqsUHp1ANIDvPVxk9cSh7veW7gQbJm2Sc7Ka+L4gVJEwSkS+MRfr8kk+sRZBw==
  dependencies:
    "@react-spring/animated" "~9.7.4"
    "@react-spring/core" "~9.7.4"
    "@react-spring/shared" "~9.7.4"
    "@react-spring/types" "~9.7.4"

"@react-spring/types@~9.7.4":
  version "9.7.4"
  resolved "https://registry.yarnpkg.com/@react-spring/types/-/types-9.7.4.tgz#c849a7f062b5163d078e5e75f28c8f6acf91792e"
  integrity sha512-iQVztO09ZVfsletMiY+DpT/JRiBntdsdJ4uqk3UJFhrhS8mIC9ZOZbmfGSRs/kdbNPQkVyzucceDicQ/3Mlj9g==

"@react-spring/web@~9.7.4":
  version "9.7.4"
  resolved "https://registry.yarnpkg.com/@react-spring/web/-/web-9.7.4.tgz#0086ab5dcf17e6a8f3d7e7f8041ccb4cc2fa10dc"
  integrity sha512-UMvCZp7I5HCVIleSa4BwbNxynqvj+mJjG2m20VO2yPoi2pnCYANy58flvz9v/YcXTAvsmL655FV3pm5fbr6akA==
  dependencies:
    "@react-spring/animated" "~9.7.4"
    "@react-spring/core" "~9.7.4"
    "@react-spring/shared" "~9.7.4"
    "@react-spring/types" "~9.7.4"

"@react-spring/zdog@~9.7.4":
  version "9.7.4"
  resolved "https://registry.yarnpkg.com/@react-spring/zdog/-/zdog-9.7.4.tgz#b0eb05a6cb75bb5f1613a69ebfce3fd65a2fc407"
  integrity sha512-uKAzQqKXxHYyGo36EYQEIZzNB60gxQsCG6aaXO2LY5aa7kq44pJX/92D1YigOIhJ/sbfJOXYfdJC/ntvATvzCQ==
  dependencies:
    "@react-spring/animated" "~9.7.4"
    "@react-spring/core" "~9.7.4"
    "@react-spring/shared" "~9.7.4"
    "@react-spring/types" "~9.7.4"

asynckit@^0.4.0:
  version "0.4.0"
  resolved "https://registry.yarnpkg.com/asynckit/-/asynckit-0.4.0.tgz#c79ed97f7f34cb8f2ba1bc9790bcc366474b4b79"
  integrity sha512-Oei9OH4tRh0YqU3GxhX79dM/mwVgvbZJaSNaRk+bshkj0S5cfHcgYakreBjrHwatXKbz+IoIdYLxrKim2MjW0Q==

axios@^1.7.4:
  version "1.7.4"
  resolved "https://registry.yarnpkg.com/axios/-/axios-1.7.4.tgz#4c8ded1b43683c8dd362973c393f3ede24052aa2"
  integrity sha512-DukmaFRnY6AzAALSH4J2M3k6PkaC+MfaAGdEERRWcC9q3/TWQwLpHR8ZRLKTdQ3aBDL64EdluRDjJqKw+BPZEw==
  dependencies:
    follow-redirects "^1.15.6"
    form-data "^4.0.0"
    proxy-from-env "^1.1.0"

combined-stream@^1.0.8:
  version "1.0.8"
  resolved "https://registry.yarnpkg.com/combined-stream/-/combined-stream-1.0.8.tgz#c3d45a8b34fd730631a110a8a2520682b31d5a7f"
  integrity sha512-FQN4MRfuJeHf7cBbBMJFXhKSDq+2kAArBlmRBvcvFE5BB1HZKXtSFASDhdlz9zOYwxh8lDdnvmMOe/+5cdoEdg==
  dependencies:
    delayed-stream "~1.0.0"

delayed-stream@~1.0.0:
  version "1.0.0"
  resolved "https://registry.yarnpkg.com/delayed-stream/-/delayed-stream-1.0.0.tgz#df3ae199acadfb7d440aaae0b29e2272b24ec619"
  integrity sha512-ZySD7Nf91aLB0RxL4KGrKHBXl7Eds1DAmEdcoVawXnLD7SDhpNgtuII2aAkg7a7QS41jxPSZ17p4VdGnMHk3MQ==

follow-redirects@^1.15.6:
  version "1.15.6"
  resolved "https://registry.yarnpkg.com/follow-redirects/-/follow-redirects-1.15.6.tgz#7f815c0cda4249c74ff09e95ef97c23b5fd0399b"
  integrity sha512-wWN62YITEaOpSK584EZXJafH1AGpO8RVgElfkuXbTOrPX4fIfOyEpW/CsiNd8JdYrAoOvafRTOEnvsO++qCqFA==

form-data@^4.0.0:
  version "4.0.0"
  resolved "https://registry.yarnpkg.com/form-data/-/form-data-4.0.0.tgz#93919daeaf361ee529584b9b31664dc12c9fa452"
  integrity sha512-ETEklSGi5t0QMZuiXoA/Q6vcnxcLQP5vdugSpuAyi6SVGi2clPPp+xgEhuMaHC+zGgn31Kd235W35f7Hykkaww==
  dependencies:
    asynckit "^0.4.0"
    combined-stream "^1.0.8"
    mime-types "^2.1.12"

mime-db@1.52.0:
  version "1.52.0"
  resolved "https://registry.yarnpkg.com/mime-db/-/mime-db-1.52.0.tgz#bbabcdc02859f4987301c856e3387ce5ec43bf70"
  integrity sha512-sPU4uV7dYlvtWJxwwxHD0PuihVNiE7TyAbQ5SWxDCB9mUYvOgroQOwYQQOKPJ8CIbE+1ETVlOoK1UC2nU3gYvg==

mime-types@^2.1.12:
  version "2.1.35"
  resolved "https://registry.yarnpkg.com/mime-types/-/mime-types-2.1.35.tgz#381a871b62a734450660ae3deee44813f70d959a"
  integrity sha512-ZDY+bPm5zTTF+YpCrAU9nK0UgICYPT0QtT1NZWFv4s++TNkcgVaT0g6+4R2uI4MjQjzysHB1zxuWL50hzaeXiw==
  dependencies:
    mime-db "1.52.0"

proxy-from-env@^1.1.0:
  version "1.1.0"
  resolved "https://registry.yarnpkg.com/proxy-from-env/-/proxy-from-env-1.1.0.tgz#e102f16ca355424865755d2c9e8ea4f24d58c3e2"
  integrity sha512-D+zkORCbA9f1tdWRK0RaCR3GPv50cMxcrz4X8k5LTSUD1Dkw47mKJEZQNunItRTkWwgtaUSo1RVFRIG9ZXiFYg==

react-spring@^9.0.0-rc.3:
  version "9.7.4"
  resolved "https://registry.yarnpkg.com/react-spring/-/react-spring-9.7.4.tgz#5a4e99bf121475e1bf714e0b241191cad50c6432"
  integrity sha512-ypxdsOwmCfbDZGTBRyBo7eLjF55xNFN86e/QkflZ1Rfo8QMzVjCAWocrEEbsuFKkQAg2RRdhNkinWJ6BpCvJoQ==
  dependencies:
    "@react-spring/core" "~9.7.4"
    "@react-spring/konva" "~9.7.4"
    "@react-spring/native" "~9.7.4"
    "@react-spring/three" "~9.7.4"
    "@react-spring/web" "~9.7.4"
    "@react-spring/zdog" "~9.7.4"

react-toggle-dark-mode@^1.1.1:
  version "1.1.1"
  resolved "https://registry.yarnpkg.com/react-toggle-dark-mode/-/react-toggle-dark-mode-1.1.1.tgz#ca738d4c7cd613f5091fe08e5c174d091ef5d2f3"
  integrity sha512-25dH8tvQucpW9c024WQ6gXLxJ6Irc5iTFgAIKuwCUUfbbahyVd1OKEq5TqExzoPHoORIXlQKYXV/+fuyclr6FQ==
  dependencies:
    react-spring "^9.0.0-rc.3"
